// !$*UTF8*$!
{
	archiveVersion = 1;
	classes = {
	};
	objectVersion = 46;
	objects = {

/* Begin PBXBuildFile section */
		8629B0181C953CEB00463DE6 /* TodayTableViewController.swift in Sources */ = {isa = PBXBuildFile; fileRef = 8629B0171C953CEB00463DE6 /* TodayTableViewController.swift */; };
		8629B01A1C9541CF00463DE6 /* 4244272-night.jpg in Resources */ = {isa = PBXBuildFile; fileRef = 8629B0191C9541CF00463DE6 /* 4244272-night.jpg */; };
		8629B01D1C954DD700463DE6 /* stars-in-the-sky-digital-art-hd-wallpaper-2560x1440-2122.jpg in Resources */ = {isa = PBXBuildFile; fileRef = 8629B01C1C954DD700463DE6 /* stars-in-the-sky-digital-art-hd-wallpaper-2560x1440-2122.jpg */; };
		8629B01F1C954E7E00463DE6 /* star_art_sky_night_people_silhouette_98142_3840x2400.jpg in Resources */ = {isa = PBXBuildFile; fileRef = 8629B01E1C954E7E00463DE6 /* star_art_sky_night_people_silhouette_98142_3840x2400.jpg */; };
		8629B0211C954EF100463DE6 /* papersco-mc56-wallpaper-galaxy-blue-7-starry-star-sky-8-wallpaper_fbb0d256b13596f1e84d2225e463e082_raw.jpg in Resources */ = {isa = PBXBuildFile; fileRef = 8629B0201C954EF100463DE6 /* papersco-mc56-wallpaper-galaxy-blue-7-starry-star-sky-8-wallpaper_fbb0d256b13596f1e84d2225e463e082_raw.jpg */; };
		8629B0231C954F7400463DE6 /* CircumpolarStarTrails.jpg in Resources */ = {isa = PBXBuildFile; fileRef = 8629B0221C954F7400463DE6 /* CircumpolarStarTrails.jpg */; };
		8629B0271C955B2300463DE6 /* Next24HoursTableViewCell.swift in Sources */ = {isa = PBXBuildFile; fileRef = 8629B0261C955B2300463DE6 /* Next24HoursTableViewCell.swift */; };
		8629B02D1C95F14E00463DE6 /* rain_bg.jpg in Resources */ = {isa = PBXBuildFile; fileRef = 8629B02C1C95F14E00463DE6 /* rain_bg.jpg */; };
		8629B02F1C95F1AE00463DE6 /* partly-cloudy-night_bg.jpg in Resources */ = {isa = PBXBuildFile; fileRef = 8629B02E1C95F1AE00463DE6 /* partly-cloudy-night_bg.jpg */; };
		8629B0311C95F20500463DE6 /* cloudy_bg.jpg in Resources */ = {isa = PBXBuildFile; fileRef = 8629B0301C95F20500463DE6 /* cloudy_bg.jpg */; };
		8629B0331C95F24700463DE6 /* fog_bg.jpg in Resources */ = {isa = PBXBuildFile; fileRef = 8629B0321C95F24700463DE6 /* fog_bg.jpg */; };
		8629B0351C95F28100463DE6 /* wind_bg.jpg in Resources */ = {isa = PBXBuildFile; fileRef = 8629B0341C95F28100463DE6 /* wind_bg.jpg */; };
		8629B0371C95F35B00463DE6 /* sleet_bg.jpg in Resources */ = {isa = PBXBuildFile; fileRef = 8629B0361C95F35B00463DE6 /* sleet_bg.jpg */; };
		8629B0391C95F3E000463DE6 /* snow_bg.jpg in Resources */ = {isa = PBXBuildFile; fileRef = 8629B0381C95F3E000463DE6 /* snow_bg.jpg */; };
		8629B03B1C95F44C00463DE6 /* clear-day_bg.jpg in Resources */ = {isa = PBXBuildFile; fileRef = 8629B03A1C95F44C00463DE6 /* clear-day_bg.jpg */; };
		8629B03D1C95F53300463DE6 /* clear-night_bg.jpg in Resources */ = {isa = PBXBuildFile; fileRef = 8629B03C1C95F53300463DE6 /* clear-night_bg.jpg */; };
		8629B0431C960D6400463DE6 /* Next7DaysCollectionViewCell.swift in Sources */ = {isa = PBXBuildFile; fileRef = 8629B0421C960D6400463DE6 /* Next7DaysCollectionViewCell.swift */; };
		8629B0451C9616FC00463DE6 /* Next7DaysViewController.swift in Sources */ = {isa = PBXBuildFile; fileRef = 8629B0441C9616FC00463DE6 /* Next7DaysViewController.swift */; };
		8629B0471C961B7800463DE6 /* Next24HoursViewController.swift in Sources */ = {isa = PBXBuildFile; fileRef = 8629B0461C961B7800463DE6 /* Next24HoursViewController.swift */; };
		8629B04A1C96332E00463DE6 /* DetailViewController.swift in Sources */ = {isa = PBXBuildFile; fileRef = 8629B0491C96332E00463DE6 /* DetailViewController.swift */; };
		8629B04C1C96414500463DE6 /* DetailTableViewController.swift in Sources */ = {isa = PBXBuildFile; fileRef = 8629B04B1C96414500463DE6 /* DetailTableViewController.swift */; };
		8629B04E1C965EAE00463DE6 /* SearchViewController.swift in Sources */ = {isa = PBXBuildFile; fileRef = 8629B04D1C965EAE00463DE6 /* SearchViewController.swift */; };
		86BC3C761C968AA800A91FE5 /* HistoryViewController.swift in Sources */ = {isa = PBXBuildFile; fileRef = 86BC3C751C968AA800A91FE5 /* HistoryViewController.swift */; };
		86BC3C781C96A85900A91FE5 /* loading2.gif in Resources */ = {isa = PBXBuildFile; fileRef = 86BC3C771C96A85900A91FE5 /* loading2.gif */; };
		86BC3C7E1C96ADED00A91FE5 /* partly-cloudy-day_bg.jpg in Resources */ = {isa = PBXBuildFile; fileRef = 86BC3C7D1C96ADED00A91FE5 /* partly-cloudy-day_bg.jpg */; };
		86BC3C801C96AE8100A91FE5 /* MenuViewController.swift in Sources */ = {isa = PBXBuildFile; fileRef = 86BC3C7F1C96AE8100A91FE5 /* MenuViewController.swift */; };
		86EDCBF81C93EA1D00812D2B /* Alamofire.framework in Frameworks */ = {isa = PBXBuildFile; fileRef = 86EDCBF51C93EA1D00812D2B /* Alamofire.framework */; };
		86EDCBF91C93EA1D00812D2B /* Spring.framework in Frameworks */ = {isa = PBXBuildFile; fileRef = 86EDCBF61C93EA1D00812D2B /* Spring.framework */; };
		86EDCBFA1C93EA1D00812D2B /* SwiftyJSON.framework in Frameworks */ = {isa = PBXBuildFile; fileRef = 86EDCBF71C93EA1D00812D2B /* SwiftyJSON.framework */; };
		86EDCBFC1C93EA7100812D2B /* UIImage+Gif.swift in Sources */ = {isa = PBXBuildFile; fileRef = 86EDCBFB1C93EA7100812D2B /* UIImage+Gif.swift */; };
		86EDCBFF1C93EA8E00812D2B /* DataStruct.swift in Sources */ = {isa = PBXBuildFile; fileRef = 86EDCBFE1C93EA8E00812D2B /* DataStruct.swift */; };
		86EDCC1C1C93EB6600812D2B /* Weather_background.gif in Resources */ = {isa = PBXBuildFile; fileRef = 86EDCC011C93EB6600812D2B /* Weather_background.gif */; };
		86EDCC1D1C93EB6600812D2B /* icon.png in Resources */ = {isa = PBXBuildFile; fileRef = 86EDCC021C93EB6600812D2B /* icon.png */; };
		86EDCC1E1C93EB6600812D2B /* refresh-1.gif in Resources */ = {isa = PBXBuildFile; fileRef = 86EDCC031C93EB6600812D2B /* refresh-1.gif */; };
		86EDCC1F1C93EB6600812D2B /* refresh-2.gif in Resources */ = {isa = PBXBuildFile; fileRef = 86EDCC041C93EB6600812D2B /* refresh-2.gif */; };
		86EDCC201C93EB6600812D2B /* refresh-3.gif in Resources */ = {isa = PBXBuildFile; fileRef = 86EDCC051C93EB6600812D2B /* refresh-3.gif */; };
		86EDCC211C93EB6600812D2B /* refresh-4.gif in Resources */ = {isa = PBXBuildFile; fileRef = 86EDCC061C93EB6600812D2B /* refresh-4.gif */; };
		86EDCC221C93EB6600812D2B /* refresh-5.gif in Resources */ = {isa = PBXBuildFile; fileRef = 86EDCC071C93EB6600812D2B /* refresh-5.gif */; };
		86EDCC231C93EB6600812D2B /* refresh-6.gif in Resources */ = {isa = PBXBuildFile; fileRef = 86EDCC081C93EB6600812D2B /* refresh-6.gif */; };
		86EDCC241C93EB6600812D2B /* refresh-7.gif in Resources */ = {isa = PBXBuildFile; fileRef = 86EDCC091C93EB6600812D2B /* refresh-7.gif */; };
		86EDCC251C93EB6600812D2B /* refresh-8.gif in Resources */ = {isa = PBXBuildFile; fileRef = 86EDCC0A1C93EB6600812D2B /* refresh-8.gif */; };
		86EDCC261C93EB6600812D2B /* authentic-03.png in Resources */ = {isa = PBXBuildFile; fileRef = 86EDCC0B1C93EB6600812D2B /* authentic-03.png */; };
		86EDCC271C93EB6600812D2B /* authentic-04.png in Resources */ = {isa = PBXBuildFile; fileRef = 86EDCC0C1C93EB6600812D2B /* authentic-04.png */; };
		86EDCC281C93EB6600812D2B /* facebook-256.png in Resources */ = {isa = PBXBuildFile; fileRef = 86EDCC0D1C93EB6600812D2B /* facebook-256.png */; };
		86EDCC291C93EB6600812D2B /* forecast_logo.png in Resources */ = {isa = PBXBuildFile; fileRef = 86EDCC0E1C93EB6600812D2B /* forecast_logo.png */; };
		86EDCC2A1C93EB6600812D2B /* clear-day.png in Resources */ = {isa = PBXBuildFile; fileRef = 86EDCC0F1C93EB6600812D2B /* clear-day.png */; };
		86EDCC2B1C93EB6600812D2B /* clear-night.png in Resources */ = {isa = PBXBuildFile; fileRef = 86EDCC101C93EB6600812D2B /* clear-night.png */; };
		86EDCC2C1C93EB6600812D2B /* snow.png in Resources */ = {isa = PBXBuildFile; fileRef = 86EDCC111C93EB6600812D2B /* snow.png */; };
		86EDCC2D1C93EB6600812D2B /* rain.png in Resources */ = {isa = PBXBuildFile; fileRef = 86EDCC121C93EB6600812D2B /* rain.png */; };
		86EDCC2E1C93EB6600812D2B /* sleet.png in Resources */ = {isa = PBXBuildFile; fileRef = 86EDCC131C93EB6600812D2B /* sleet.png */; };
		86EDCC2F1C93EB6600812D2B /* wind.png in Resources */ = {isa = PBXBuildFile; fileRef = 86EDCC141C93EB6600812D2B /* wind.png */; };
		86EDCC301C93EB6600812D2B /* fog.png in Resources */ = {isa = PBXBuildFile; fileRef = 86EDCC151C93EB6600812D2B /* fog.png */; };
		86EDCC311C93EB6600812D2B /* cloudy.png in Resources */ = {isa = PBXBuildFile; fileRef = 86EDCC161C93EB6600812D2B /* cloudy.png */; };
		86EDCC321C93EB6600812D2B /* partly-cloudy-day.png in Resources */ = {isa = PBXBuildFile; fileRef = 86EDCC171C93EB6600812D2B /* partly-cloudy-day.png */; };
		86EDCC331C93EB6600812D2B /* partly-cloudy-night.png in Resources */ = {isa = PBXBuildFile; fileRef = 86EDCC181C93EB6600812D2B /* partly-cloudy-night.png */; };
		86EDCC351C93EB6600812D2B /* bg.jpg in Resources */ = {isa = PBXBuildFile; fileRef = 86EDCC1A1C93EB6600812D2B /* bg.jpg */; };
		86EDCC361C93EB6600812D2B /* plus.png in Resources */ = {isa = PBXBuildFile; fileRef = 86EDCC1B1C93EB6600812D2B /* plus.png */; };
		86EDCC3A1C93F09F00812D2B /* Double_Left.png in Resources */ = {isa = PBXBuildFile; fileRef = 86EDCC391C93F09F00812D2B /* Double_Left.png */; };
		86EDCC3C1C93F0EF00812D2B /* Double_Right.png in Resources */ = {isa = PBXBuildFile; fileRef = 86EDCC3B1C93F0EF00812D2B /* Double_Right.png */; };
		86EDCC3F1C93F11700812D2B /* Double_Down.png in Resources */ = {isa = PBXBuildFile; fileRef = 86EDCC3D1C93F11700812D2B /* Double_Down.png */; };
		86EDCC401C93F11700812D2B /* Double_Up.png in Resources */ = {isa = PBXBuildFile; fileRef = 86EDCC3E1C93F11700812D2B /* Double_Up.png */; };
		86F76BAA1C93BC9E00ACBCDB /* AppDelegate.swift in Sources */ = {isa = PBXBuildFile; fileRef = 86F76BA91C93BC9E00ACBCDB /* AppDelegate.swift */; };
		86F76BAC1C93BC9E00ACBCDB /* WelcomeViewController.swift in Sources */ = {isa = PBXBuildFile; fileRef = 86F76BAB1C93BC9E00ACBCDB /* WelcomeViewController.swift */; };
		86F76BAF1C93BC9E00ACBCDB /* Main.storyboard in Resources */ = {isa = PBXBuildFile; fileRef = 86F76BAD1C93BC9E00ACBCDB /* Main.storyboard */; };
		86F76BB21C93BC9E00ACBCDB /* Weather_App.xcdatamodeld in Sources */ = {isa = PBXBuildFile; fileRef = 86F76BB01C93BC9E00ACBCDB /* Weather_App.xcdatamodeld */; };
		86F76BB41C93BC9E00ACBCDB /* Assets.xcassets in Resources */ = {isa = PBXBuildFile; fileRef = 86F76BB31C93BC9E00ACBCDB /* Assets.xcassets */; };
		86F76BB71C93BC9F00ACBCDB /* LaunchScreen.storyboard in Resources */ = {isa = PBXBuildFile; fileRef = 86F76BB51C93BC9F00ACBCDB /* LaunchScreen.storyboard */; };
		86F76BC21C93BC9F00ACBCDB /* Weather_AppTests.swift in Sources */ = {isa = PBXBuildFile; fileRef = 86F76BC11C93BC9F00ACBCDB /* Weather_AppTests.swift */; };
		86F76BCD1C93BC9F00ACBCDB /* Weather_AppUITests.swift in Sources */ = {isa = PBXBuildFile; fileRef = 86F76BCC1C93BC9F00ACBCDB /* Weather_AppUITests.swift */; };
		AF0268089E2549048D4000D8 /* Pods.framework in Frameworks */ = {isa = PBXBuildFile; fileRef = 8475179BFE7E04506567BC66 /* Pods.framework */; };
/* End PBXBuildFile section */

/* Begin PBXContainerItemProxy section */
		86F76BBE1C93BC9F00ACBCDB /* PBXContainerItemProxy */ = {
			isa = PBXContainerItemProxy;
			containerPortal = 86F76B9E1C93BC9E00ACBCDB /* Project object */;
			proxyType = 1;
			remoteGlobalIDString = 86F76BA51C93BC9E00ACBCDB;
			remoteInfo = "Weather App";
		};
		86F76BC91C93BC9F00ACBCDB /* PBXContainerItemProxy */ = {
			isa = PBXContainerItemProxy;
			containerPortal = 86F76B9E1C93BC9E00ACBCDB /* Project object */;
			proxyType = 1;
			remoteGlobalIDString = 86F76BA51C93BC9E00ACBCDB;
			remoteInfo = "Weather App";
		};
/* End PBXContainerItemProxy section */

/* Begin PBXFileReference section */
		3636129D455FE0DB7563B751 /* Pods.debug.xcconfig */ = {isa = PBXFileReference; includeInIndex = 1; lastKnownFileType = text.xcconfig; name = Pods.debug.xcconfig; path = "Pods/Target Support Files/Pods/Pods.debug.xcconfig"; sourceTree = "<group>"; };
		5DD3844C8BDCF50C25BE2C91 /* Pods.release.xcconfig */ = {isa = PBXFileReference; includeInIndex = 1; lastKnownFileType = text.xcconfig; name = Pods.release.xcconfig; path = "Pods/Target Support Files/Pods/Pods.release.xcconfig"; sourceTree = "<group>"; };
		8475179BFE7E04506567BC66 /* Pods.framework */ = {isa = PBXFileReference; explicitFileType = wrapper.framework; includeInIndex = 0; path = Pods.framework; sourceTree = BUILT_PRODUCTS_DIR; };
		8629B0171C953CEB00463DE6 /* TodayTableViewController.swift */ = {isa = PBXFileReference; fileEncoding = 4; lastKnownFileType = sourcecode.swift; path = TodayTableViewController.swift; sourceTree = "<group>"; };
		8629B0191C9541CF00463DE6 /* 4244272-night.jpg */ = {isa = PBXFileReference; lastKnownFileType = image.jpeg; path = "4244272-night.jpg"; sourceTree = "<group>"; };
		8629B01C1C954DD700463DE6 /* stars-in-the-sky-digital-art-hd-wallpaper-2560x1440-2122.jpg */ = {isa = PBXFileReference; lastKnownFileType = image.jpeg; path = "stars-in-the-sky-digital-art-hd-wallpaper-2560x1440-2122.jpg"; sourceTree = "<group>"; };
		8629B01E1C954E7E00463DE6 /* star_art_sky_night_people_silhouette_98142_3840x2400.jpg */ = {isa = PBXFileReference; lastKnownFileType = image.jpeg; path = star_art_sky_night_people_silhouette_98142_3840x2400.jpg; sourceTree = "<group>"; };
		8629B0201C954EF100463DE6 /* papersco-mc56-wallpaper-galaxy-blue-7-starry-star-sky-8-wallpaper_fbb0d256b13596f1e84d2225e463e082_raw.jpg */ = {isa = PBXFileReference; lastKnownFileType = image.jpeg; path = "papersco-mc56-wallpaper-galaxy-blue-7-starry-star-sky-8-wallpaper_fbb0d256b13596f1e84d2225e463e082_raw.jpg"; sourceTree = "<group>"; };
		8629B0221C954F7400463DE6 /* CircumpolarStarTrails.jpg */ = {isa = PBXFileReference; lastKnownFileType = image.jpeg; path = CircumpolarStarTrails.jpg; sourceTree = "<group>"; };
		8629B0261C955B2300463DE6 /* Next24HoursTableViewCell.swift */ = {isa = PBXFileReference; fileEncoding = 4; lastKnownFileType = sourcecode.swift; path = Next24HoursTableViewCell.swift; sourceTree = "<group>"; };
		8629B02C1C95F14E00463DE6 /* rain_bg.jpg */ = {isa = PBXFileReference; lastKnownFileType = image.jpeg; path = rain_bg.jpg; sourceTree = "<group>"; };
		8629B02E1C95F1AE00463DE6 /* partly-cloudy-night_bg.jpg */ = {isa = PBXFileReference; lastKnownFileType = image.jpeg; path = "partly-cloudy-night_bg.jpg"; sourceTree = "<group>"; };
		8629B0301C95F20500463DE6 /* cloudy_bg.jpg */ = {isa = PBXFileReference; lastKnownFileType = image.jpeg; path = cloudy_bg.jpg; sourceTree = "<group>"; };
		8629B0321C95F24700463DE6 /* fog_bg.jpg */ = {isa = PBXFileReference; lastKnownFileType = image.jpeg; path = fog_bg.jpg; sourceTree = "<group>"; };
		8629B0341C95F28100463DE6 /* wind_bg.jpg */ = {isa = PBXFileReference; lastKnownFileType = image.jpeg; path = wind_bg.jpg; sourceTree = "<group>"; };
		8629B0361C95F35B00463DE6 /* sleet_bg.jpg */ = {isa = PBXFileReference; lastKnownFileType = image.jpeg; path = sleet_bg.jpg; sourceTree = "<group>"; };
		8629B0381C95F3E000463DE6 /* snow_bg.jpg */ = {isa = PBXFileReference; lastKnownFileType = image.jpeg; path = snow_bg.jpg; sourceTree = "<group>"; };
		8629B03A1C95F44C00463DE6 /* clear-day_bg.jpg */ = {isa = PBXFileReference; lastKnownFileType = image.jpeg; path = "clear-day_bg.jpg"; sourceTree = "<group>"; };
		8629B03C1C95F53300463DE6 /* clear-night_bg.jpg */ = {isa = PBXFileReference; lastKnownFileType = image.jpeg; path = "clear-night_bg.jpg"; sourceTree = "<group>"; };
		8629B0421C960D6400463DE6 /* Next7DaysCollectionViewCell.swift */ = {isa = PBXFileReference; fileEncoding = 4; lastKnownFileType = sourcecode.swift; path = Next7DaysCollectionViewCell.swift; sourceTree = "<group>"; };
		8629B0441C9616FC00463DE6 /* Next7DaysViewController.swift */ = {isa = PBXFileReference; fileEncoding = 4; lastKnownFileType = sourcecode.swift; path = Next7DaysViewController.swift; sourceTree = "<group>"; };
		8629B0461C961B7800463DE6 /* Next24HoursViewController.swift */ = {isa = PBXFileReference; fileEncoding = 4; lastKnownFileType = sourcecode.swift; path = Next24HoursViewController.swift; sourceTree = "<group>"; };
		8629B0491C96332E00463DE6 /* DetailViewController.swift */ = {isa = PBXFileReference; fileEncoding = 4; lastKnownFileType = sourcecode.swift; path = DetailViewController.swift; sourceTree = "<group>"; };
		8629B04B1C96414500463DE6 /* DetailTableViewController.swift */ = {isa = PBXFileReference; fileEncoding = 4; lastKnownFileType = sourcecode.swift; path = DetailTableViewController.swift; sourceTree = "<group>"; };
		8629B04D1C965EAE00463DE6 /* SearchViewController.swift */ = {isa = PBXFileReference; fileEncoding = 4; lastKnownFileType = sourcecode.swift; path = SearchViewController.swift; sourceTree = "<group>"; };
		86BC3C751C968AA800A91FE5 /* HistoryViewController.swift */ = {isa = PBXFileReference; fileEncoding = 4; lastKnownFileType = sourcecode.swift; path = HistoryViewController.swift; sourceTree = "<group>"; };
		86BC3C771C96A85900A91FE5 /* loading2.gif */ = {isa = PBXFileReference; lastKnownFileType = image.gif; path = loading2.gif; sourceTree = "<group>"; };
		86BC3C7D1C96ADED00A91FE5 /* partly-cloudy-day_bg.jpg */ = {isa = PBXFileReference; lastKnownFileType = image.jpeg; path = "partly-cloudy-day_bg.jpg"; sourceTree = "<group>"; };
		86BC3C7F1C96AE8100A91FE5 /* MenuViewController.swift */ = {isa = PBXFileReference; fileEncoding = 4; lastKnownFileType = sourcecode.swift; path = MenuViewController.swift; sourceTree = "<group>"; };
		86EDCBF51C93EA1D00812D2B /* Alamofire.framework */ = {isa = PBXFileReference; lastKnownFileType = wrapper.framework; name = Alamofire.framework; path = "Pods/../build/Debug-iphoneos/Alamofire.framework"; sourceTree = "<group>"; };
		86EDCBF61C93EA1D00812D2B /* Spring.framework */ = {isa = PBXFileReference; lastKnownFileType = wrapper.framework; name = Spring.framework; path = "Pods/../build/Debug-iphoneos/Spring.framework"; sourceTree = "<group>"; };
		86EDCBF71C93EA1D00812D2B /* SwiftyJSON.framework */ = {isa = PBXFileReference; lastKnownFileType = wrapper.framework; name = SwiftyJSON.framework; path = "Pods/../build/Debug-iphoneos/SwiftyJSON.framework"; sourceTree = "<group>"; };
		86EDCBFB1C93EA7100812D2B /* UIImage+Gif.swift */ = {isa = PBXFileReference; fileEncoding = 4; lastKnownFileType = sourcecode.swift; path = "UIImage+Gif.swift"; sourceTree = "<group>"; };
		86EDCBFE1C93EA8E00812D2B /* DataStruct.swift */ = {isa = PBXFileReference; fileEncoding = 4; lastKnownFileType = sourcecode.swift; path = DataStruct.swift; sourceTree = "<group>"; };
		86EDCC011C93EB6600812D2B /* Weather_background.gif */ = {isa = PBXFileReference; lastKnownFileType = image.gif; path = Weather_background.gif; sourceTree = "<group>"; };
		86EDCC021C93EB6600812D2B /* icon.png */ = {isa = PBXFileReference; lastKnownFileType = image.png; path = icon.png; sourceTree = "<group>"; };
		86EDCC031C93EB6600812D2B /* refresh-1.gif */ = {isa = PBXFileReference; lastKnownFileType = image.gif; path = "refresh-1.gif"; sourceTree = "<group>"; };
		86EDCC041C93EB6600812D2B /* refresh-2.gif */ = {isa = PBXFileReference; lastKnownFileType = image.gif; path = "refresh-2.gif"; sourceTree = "<group>"; };
		86EDCC051C93EB6600812D2B /* refresh-3.gif */ = {isa = PBXFileReference; lastKnownFileType = image.gif; path = "refresh-3.gif"; sourceTree = "<group>"; };
		86EDCC061C93EB6600812D2B /* refresh-4.gif */ = {isa = PBXFileReference; lastKnownFileType = image.gif; path = "refresh-4.gif"; sourceTree = "<group>"; };
		86EDCC071C93EB6600812D2B /* refresh-5.gif */ = {isa = PBXFileReference; lastKnownFileType = image.gif; path = "refresh-5.gif"; sourceTree = "<group>"; };
		86EDCC081C93EB6600812D2B /* refresh-6.gif */ = {isa = PBXFileReference; lastKnownFileType = image.gif; path = "refresh-6.gif"; sourceTree = "<group>"; };
		86EDCC091C93EB6600812D2B /* refresh-7.gif */ = {isa = PBXFileReference; lastKnownFileType = image.gif; path = "refresh-7.gif"; sourceTree = "<group>"; };
		86EDCC0A1C93EB6600812D2B /* refresh-8.gif */ = {isa = PBXFileReference; lastKnownFileType = image.gif; path = "refresh-8.gif"; sourceTree = "<group>"; };
		86EDCC0B1C93EB6600812D2B /* authentic-03.png */ = {isa = PBXFileReference; lastKnownFileType = image.png; path = "authentic-03.png"; sourceTree = "<group>"; };
		86EDCC0C1C93EB6600812D2B /* authentic-04.png */ = {isa = PBXFileReference; lastKnownFileType = image.png; path = "authentic-04.png"; sourceTree = "<group>"; };
		86EDCC0D1C93EB6600812D2B /* facebook-256.png */ = {isa = PBXFileReference; lastKnownFileType = image.png; path = "facebook-256.png"; sourceTree = "<group>"; };
		86EDCC0E1C93EB6600812D2B /* forecast_logo.png */ = {isa = PBXFileReference; lastKnownFileType = image.png; path = forecast_logo.png; sourceTree = "<group>"; };
		86EDCC0F1C93EB6600812D2B /* clear-day.png */ = {isa = PBXFileReference; lastKnownFileType = image.png; path = "clear-day.png"; sourceTree = "<group>"; };
		86EDCC101C93EB6600812D2B /* clear-night.png */ = {isa = PBXFileReference; lastKnownFileType = image.png; path = "clear-night.png"; sourceTree = "<group>"; };
		86EDCC111C93EB6600812D2B /* snow.png */ = {isa = PBXFileReference; lastKnownFileType = image.png; path = snow.png; sourceTree = "<group>"; };
		86EDCC121C93EB6600812D2B /* rain.png */ = {isa = PBXFileReference; lastKnownFileType = image.png; path = rain.png; sourceTree = "<group>"; };
		86EDCC131C93EB6600812D2B /* sleet.png */ = {isa = PBXFileReference; lastKnownFileType = image.png; path = sleet.png; sourceTree = "<group>"; };
		86EDCC141C93EB6600812D2B /* wind.png */ = {isa = PBXFileReference; lastKnownFileType = image.png; path = wind.png; sourceTree = "<group>"; };
		86EDCC151C93EB6600812D2B /* fog.png */ = {isa = PBXFileReference; lastKnownFileType = image.png; path = fog.png; sourceTree = "<group>"; };
		86EDCC161C93EB6600812D2B /* cloudy.png */ = {isa = PBXFileReference; lastKnownFileType = image.png; path = cloudy.png; sourceTree = "<group>"; };
		86EDCC171C93EB6600812D2B /* partly-cloudy-day.png */ = {isa = PBXFileReference; lastKnownFileType = image.png; path = "partly-cloudy-day.png"; sourceTree = "<group>"; };
		86EDCC181C93EB6600812D2B /* partly-cloudy-night.png */ = {isa = PBXFileReference; lastKnownFileType = image.png; path = "partly-cloudy-night.png"; sourceTree = "<group>"; };
		86EDCC1A1C93EB6600812D2B /* bg.jpg */ = {isa = PBXFileReference; lastKnownFileType = image.jpeg; path = bg.jpg; sourceTree = "<group>"; };
		86EDCC1B1C93EB6600812D2B /* plus.png */ = {isa = PBXFileReference; lastKnownFileType = image.png; path = plus.png; sourceTree = "<group>"; };
		86EDCC391C93F09F00812D2B /* Double_Left.png */ = {isa = PBXFileReference; lastKnownFileType = image.png; path = Double_Left.png; sourceTree = "<group>"; };
		86EDCC3B1C93F0EF00812D2B /* Double_Right.png */ = {isa = PBXFileReference; lastKnownFileType = image.png; path = Double_Right.png; sourceTree = "<group>"; };
		86EDCC3D1C93F11700812D2B /* Double_Down.png */ = {isa = PBXFileReference; lastKnownFileType = image.png; path = Double_Down.png; sourceTree = "<group>"; };
		86EDCC3E1C93F11700812D2B /* Double_Up.png */ = {isa = PBXFileReference; lastKnownFileType = image.png; path = Double_Up.png; sourceTree = "<group>"; };
		86F76BA61C93BC9E00ACBCDB /* Weather App.app */ = {isa = PBXFileReference; explicitFileType = wrapper.application; includeInIndex = 0; path = "Weather App.app"; sourceTree = BUILT_PRODUCTS_DIR; };
		86F76BA91C93BC9E00ACBCDB /* AppDelegate.swift */ = {isa = PBXFileReference; lastKnownFileType = sourcecode.swift; path = AppDelegate.swift; sourceTree = "<group>"; };
		86F76BAB1C93BC9E00ACBCDB /* WelcomeViewController.swift */ = {isa = PBXFileReference; lastKnownFileType = sourcecode.swift; path = WelcomeViewController.swift; sourceTree = "<group>"; };
		86F76BAE1C93BC9E00ACBCDB /* Base */ = {isa = PBXFileReference; lastKnownFileType = file.storyboard; name = Base; path = Base.lproj/Main.storyboard; sourceTree = "<group>"; };
		86F76BB11C93BC9E00ACBCDB /* Weather_App.xcdatamodel */ = {isa = PBXFileReference; lastKnownFileType = wrapper.xcdatamodel; path = Weather_App.xcdatamodel; sourceTree = "<group>"; };
		86F76BB31C93BC9E00ACBCDB /* Assets.xcassets */ = {isa = PBXFileReference; lastKnownFileType = folder.assetcatalog; path = Assets.xcassets; sourceTree = "<group>"; };
		86F76BB61C93BC9F00ACBCDB /* Base */ = {isa = PBXFileReference; lastKnownFileType = file.storyboard; name = Base; path = Base.lproj/LaunchScreen.storyboard; sourceTree = "<group>"; };
		86F76BB81C93BC9F00ACBCDB /* Info.plist */ = {isa = PBXFileReference; lastKnownFileType = text.plist.xml; path = Info.plist; sourceTree = "<group>"; };
		86F76BBD1C93BC9F00ACBCDB /* Weather AppTests.xctest */ = {isa = PBXFileReference; explicitFileType = wrapper.cfbundle; includeInIndex = 0; path = "Weather AppTests.xctest"; sourceTree = BUILT_PRODUCTS_DIR; };
		86F76BC11C93BC9F00ACBCDB /* Weather_AppTests.swift */ = {isa = PBXFileReference; lastKnownFileType = sourcecode.swift; path = Weather_AppTests.swift; sourceTree = "<group>"; };
		86F76BC31C93BC9F00ACBCDB /* Info.plist */ = {isa = PBXFileReference; lastKnownFileType = text.plist.xml; path = Info.plist; sourceTree = "<group>"; };
		86F76BC81C93BC9F00ACBCDB /* Weather AppUITests.xctest */ = {isa = PBXFileReference; explicitFileType = wrapper.cfbundle; includeInIndex = 0; path = "Weather AppUITests.xctest"; sourceTree = BUILT_PRODUCTS_DIR; };
		86F76BCC1C93BC9F00ACBCDB /* Weather_AppUITests.swift */ = {isa = PBXFileReference; lastKnownFileType = sourcecode.swift; path = Weather_AppUITests.swift; sourceTree = "<group>"; };
		86F76BCE1C93BC9F00ACBCDB /* Info.plist */ = {isa = PBXFileReference; lastKnownFileType = text.plist.xml; path = Info.plist; sourceTree = "<group>"; };
/* End PBXFileReference section */

/* Begin PBXFrameworksBuildPhase section */
		86F76BA31C93BC9E00ACBCDB /* Frameworks */ = {
			isa = PBXFrameworksBuildPhase;
			buildActionMask = 2147483647;
			files = (
				86EDCBF81C93EA1D00812D2B /* Alamofire.framework in Frameworks */,
				86EDCBF91C93EA1D00812D2B /* Spring.framework in Frameworks */,
				86EDCBFA1C93EA1D00812D2B /* SwiftyJSON.framework in Frameworks */,
				AF0268089E2549048D4000D8 /* Pods.framework in Frameworks */,
			);
			runOnlyForDeploymentPostprocessing = 0;
		};
		86F76BBA1C93BC9F00ACBCDB /* Frameworks */ = {
			isa = PBXFrameworksBuildPhase;
			buildActionMask = 2147483647;
			files = (
			);
			runOnlyForDeploymentPostprocessing = 0;
		};
		86F76BC51C93BC9F00ACBCDB /* Frameworks */ = {
			isa = PBXFrameworksBuildPhase;
			buildActionMask = 2147483647;
			files = (
			);
			runOnlyForDeploymentPostprocessing = 0;
		};
/* End PBXFrameworksBuildPhase section */

/* Begin PBXGroup section */
		214DB6BCDD8611B646FDC95F /* Frameworks */ = {
			isa = PBXGroup;
			children = (
				86EDCBF51C93EA1D00812D2B /* Alamofire.framework */,
				86EDCBF61C93EA1D00812D2B /* Spring.framework */,
				86EDCBF71C93EA1D00812D2B /* SwiftyJSON.framework */,
				8475179BFE7E04506567BC66 /* Pods.framework */,
			);
			name = Frameworks;
			sourceTree = "<group>";
		};
		698E6448DB4C633A51B9B5C9 /* Pods */ = {
			isa = PBXGroup;
			children = (
				3636129D455FE0DB7563B751 /* Pods.debug.xcconfig */,
				5DD3844C8BDCF50C25BE2C91 /* Pods.release.xcconfig */,
			);
			name = Pods;
			sourceTree = "<group>";
		};
		86EDCBFD1C93EA7800812D2B /* Data */ = {
			isa = PBXGroup;
			children = (
				86F76BB01C93BC9E00ACBCDB /* Weather_App.xcdatamodeld */,
				86EDCBFE1C93EA8E00812D2B /* DataStruct.swift */,
			);
			name = Data;
			sourceTree = "<group>";
		};
		86EDCC001C93EB5A00812D2B /* img */ = {
			isa = PBXGroup;
			children = (
				8629B0221C954F7400463DE6 /* CircumpolarStarTrails.jpg */,
				8629B0201C954EF100463DE6 /* papersco-mc56-wallpaper-galaxy-blue-7-starry-star-sky-8-wallpaper_fbb0d256b13596f1e84d2225e463e082_raw.jpg */,
				8629B01E1C954E7E00463DE6 /* star_art_sky_night_people_silhouette_98142_3840x2400.jpg */,
				8629B01C1C954DD700463DE6 /* stars-in-the-sky-digital-art-hd-wallpaper-2560x1440-2122.jpg */,
				8629B0191C9541CF00463DE6 /* 4244272-night.jpg */,
				86EDCC391C93F09F00812D2B /* Double_Left.png */,
				86EDCC3B1C93F0EF00812D2B /* Double_Right.png */,
				86EDCC3D1C93F11700812D2B /* Double_Down.png */,
				86EDCC3E1C93F11700812D2B /* Double_Up.png */,
				86EDCC011C93EB6600812D2B /* Weather_background.gif */,
				86EDCC021C93EB6600812D2B /* icon.png */,
				86EDCC031C93EB6600812D2B /* refresh-1.gif */,
				86EDCC041C93EB6600812D2B /* refresh-2.gif */,
				86EDCC051C93EB6600812D2B /* refresh-3.gif */,
				86EDCC061C93EB6600812D2B /* refresh-4.gif */,
				86EDCC071C93EB6600812D2B /* refresh-5.gif */,
				86EDCC081C93EB6600812D2B /* refresh-6.gif */,
				86EDCC091C93EB6600812D2B /* refresh-7.gif */,
				86EDCC0A1C93EB6600812D2B /* refresh-8.gif */,
				86EDCC0B1C93EB6600812D2B /* authentic-03.png */,
				86EDCC0C1C93EB6600812D2B /* authentic-04.png */,
				86EDCC0D1C93EB6600812D2B /* facebook-256.png */,
				86EDCC0E1C93EB6600812D2B /* forecast_logo.png */,
				86EDCC0F1C93EB6600812D2B /* clear-day.png */,
				8629B03A1C95F44C00463DE6 /* clear-day_bg.jpg */,
				86EDCC101C93EB6600812D2B /* clear-night.png */,
				8629B03C1C95F53300463DE6 /* clear-night_bg.jpg */,
				86EDCC111C93EB6600812D2B /* snow.png */,
				8629B0381C95F3E000463DE6 /* snow_bg.jpg */,
				86EDCC121C93EB6600812D2B /* rain.png */,
				8629B02C1C95F14E00463DE6 /* rain_bg.jpg */,
				86EDCC131C93EB6600812D2B /* sleet.png */,
				8629B0361C95F35B00463DE6 /* sleet_bg.jpg */,
				86EDCC141C93EB6600812D2B /* wind.png */,
				8629B0341C95F28100463DE6 /* wind_bg.jpg */,
				86EDCC151C93EB6600812D2B /* fog.png */,
				8629B0321C95F24700463DE6 /* fog_bg.jpg */,
				86EDCC161C93EB6600812D2B /* cloudy.png */,
				8629B0301C95F20500463DE6 /* cloudy_bg.jpg */,
				86EDCC171C93EB6600812D2B /* partly-cloudy-day.png */,
				86BC3C7D1C96ADED00A91FE5 /* partly-cloudy-day_bg.jpg */,
				86EDCC181C93EB6600812D2B /* partly-cloudy-night.png */,
				8629B02E1C95F1AE00463DE6 /* partly-cloudy-night_bg.jpg */,
				86EDCC1A1C93EB6600812D2B /* bg.jpg */,
				86EDCC1B1C93EB6600812D2B /* plus.png */,
				86BC3C771C96A85900A91FE5 /* loading2.gif */,
			);
			name = img;
			sourceTree = "<group>";
		};
		86F76B9D1C93BC9E00ACBCDB = {
			isa = PBXGroup;
			children = (
				86F76BA81C93BC9E00ACBCDB /* Weather App */,
				86F76BC01C93BC9F00ACBCDB /* Weather AppTests */,
				86F76BCB1C93BC9F00ACBCDB /* Weather AppUITests */,
				86F76BA71C93BC9E00ACBCDB /* Products */,
				698E6448DB4C633A51B9B5C9 /* Pods */,
				214DB6BCDD8611B646FDC95F /* Frameworks */,
			);
			sourceTree = "<group>";
		};
		86F76BA71C93BC9E00ACBCDB /* Products */ = {
			isa = PBXGroup;
			children = (
				86F76BA61C93BC9E00ACBCDB /* Weather App.app */,
				86F76BBD1C93BC9F00ACBCDB /* Weather AppTests.xctest */,
				86F76BC81C93BC9F00ACBCDB /* Weather AppUITests.xctest */,
			);
			name = Products;
			sourceTree = "<group>";
		};
		86F76BA81C93BC9E00ACBCDB /* Weather App */ = {
			isa = PBXGroup;
			children = (
				86F76BA91C93BC9E00ACBCDB /* AppDelegate.swift */,
				86F76BAB1C93BC9E00ACBCDB /* WelcomeViewController.swift */,
				8629B0171C953CEB00463DE6 /* TodayTableViewController.swift */,
				8629B0261C955B2300463DE6 /* Next24HoursTableViewCell.swift */,
				8629B0461C961B7800463DE6 /* Next24HoursViewController.swift */,
				8629B0441C9616FC00463DE6 /* Next7DaysViewController.swift */,
				8629B0421C960D6400463DE6 /* Next7DaysCollectionViewCell.swift */,
				8629B0491C96332E00463DE6 /* DetailViewController.swift */,
				8629B04B1C96414500463DE6 /* DetailTableViewController.swift */,
				8629B04D1C965EAE00463DE6 /* SearchViewController.swift */,
				86BC3C751C968AA800A91FE5 /* HistoryViewController.swift */,
				86BC3C7F1C96AE8100A91FE5 /* MenuViewController.swift */,
				86F76BAD1C93BC9E00ACBCDB /* Main.storyboard */,
				86F76BB31C93BC9E00ACBCDB /* Assets.xcassets */,
				86F76BB51C93BC9F00ACBCDB /* LaunchScreen.storyboard */,
				86EDCBFB1C93EA7100812D2B /* UIImage+Gif.swift */,
				86F76BB81C93BC9F00ACBCDB /* Info.plist */,
				86EDCC001C93EB5A00812D2B /* img */,
				86EDCBFD1C93EA7800812D2B /* Data */,
			);
			path = "Weather App";
			sourceTree = "<group>";
		};
		86F76BC01C93BC9F00ACBCDB /* Weather AppTests */ = {
			isa = PBXGroup;
			children = (
				86F76BC11C93BC9F00ACBCDB /* Weather_AppTests.swift */,
				86F76BC31C93BC9F00ACBCDB /* Info.plist */,
			);
			path = "Weather AppTests";
			sourceTree = "<group>";
		};
		86F76BCB1C93BC9F00ACBCDB /* Weather AppUITests */ = {
			isa = PBXGroup;
			children = (
				86F76BCC1C93BC9F00ACBCDB /* Weather_AppUITests.swift */,
				86F76BCE1C93BC9F00ACBCDB /* Info.plist */,
			);
			path = "Weather AppUITests";
			sourceTree = "<group>";
		};
/* End PBXGroup section */

/* Begin PBXNativeTarget section */
		86F76BA51C93BC9E00ACBCDB /* Weather App */ = {
			isa = PBXNativeTarget;
			buildConfigurationList = 86F76BD11C93BC9F00ACBCDB /* Build configuration list for PBXNativeTarget "Weather App" */;
			buildPhases = (
				66354ADD49E5FE95833E6F18 /* Check Pods Manifest.lock */,
				86F76BA21C93BC9E00ACBCDB /* Sources */,
				86F76BA31C93BC9E00ACBCDB /* Frameworks */,
				86F76BA41C93BC9E00ACBCDB /* Resources */,
				C665DDD41508128225AB299D /* Embed Pods Frameworks */,
				D9CB89BE3E9189AE15206CDF /* Copy Pods Resources */,
			);
			buildRules = (
			);
			dependencies = (
			);
			name = "Weather App";
			productName = "Weather App";
			productReference = 86F76BA61C93BC9E00ACBCDB /* Weather App.app */;
			productType = "com.apple.product-type.application";
		};
		86F76BBC1C93BC9F00ACBCDB /* Weather AppTests */ = {
			isa = PBXNativeTarget;
			buildConfigurationList = 86F76BD41C93BC9F00ACBCDB /* Build configuration list for PBXNativeTarget "Weather AppTests" */;
			buildPhases = (
				86F76BB91C93BC9F00ACBCDB /* Sources */,
				86F76BBA1C93BC9F00ACBCDB /* Frameworks */,
				86F76BBB1C93BC9F00ACBCDB /* Resources */,
			);
			buildRules = (
			);
			dependencies = (
				86F76BBF1C93BC9F00ACBCDB /* PBXTargetDependency */,
			);
			name = "Weather AppTests";
			productName = "Weather AppTests";
			productReference = 86F76BBD1C93BC9F00ACBCDB /* Weather AppTests.xctest */;
			productType = "com.apple.product-type.bundle.unit-test";
		};
		86F76BC71C93BC9F00ACBCDB /* Weather AppUITests */ = {
			isa = PBXNativeTarget;
			buildConfigurationList = 86F76BD71C93BC9F00ACBCDB /* Build configuration list for PBXNativeTarget "Weather AppUITests" */;
			buildPhases = (
				86F76BC41C93BC9F00ACBCDB /* Sources */,
				86F76BC51C93BC9F00ACBCDB /* Frameworks */,
				86F76BC61C93BC9F00ACBCDB /* Resources */,
			);
			buildRules = (
			);
			dependencies = (
				86F76BCA1C93BC9F00ACBCDB /* PBXTargetDependency */,
			);
			name = "Weather AppUITests";
			productName = "Weather AppUITests";
			productReference = 86F76BC81C93BC9F00ACBCDB /* Weather AppUITests.xctest */;
			productType = "com.apple.product-type.bundle.ui-testing";
		};
/* End PBXNativeTarget section */

/* Begin PBXProject section */
		86F76B9E1C93BC9E00ACBCDB /* Project object */ = {
			isa = PBXProject;
			attributes = {
				LastSwiftUpdateCheck = 0720;
				LastUpgradeCheck = 0720;
				ORGANIZATIONNAME = "Huiyuan Ren";
				TargetAttributes = {
					86F76BA51C93BC9E00ACBCDB = {
						CreatedOnToolsVersion = 7.2.1;
						DevelopmentTeam = 7UPHS7BVEJ;
					};
					86F76BBC1C93BC9F00ACBCDB = {
						CreatedOnToolsVersion = 7.2.1;
						TestTargetID = 86F76BA51C93BC9E00ACBCDB;
					};
					86F76BC71C93BC9F00ACBCDB = {
						CreatedOnToolsVersion = 7.2.1;
						TestTargetID = 86F76BA51C93BC9E00ACBCDB;
					};
				};
			};
			buildConfigurationList = 86F76BA11C93BC9E00ACBCDB /* Build configuration list for PBXProject "Weather App" */;
			compatibilityVersion = "Xcode 3.2";
			developmentRegion = English;
			hasScannedForEncodings = 0;
			knownRegions = (
				en,
				Base,
			);
			mainGroup = 86F76B9D1C93BC9E00ACBCDB;
			productRefGroup = 86F76BA71C93BC9E00ACBCDB /* Products */;
			projectDirPath = "";
			projectRoot = "";
			targets = (
				86F76BA51C93BC9E00ACBCDB /* Weather App */,
				86F76BBC1C93BC9F00ACBCDB /* Weather AppTests */,
				86F76BC71C93BC9F00ACBCDB /* Weather AppUITests */,
			);
		};
/* End PBXProject section */

/* Begin PBXResourcesBuildPhase section */
		86F76BA41C93BC9E00ACBCDB /* Resources */ = {
			isa = PBXResourcesBuildPhase;
			buildActionMask = 2147483647;
			files = (
				86EDCC2B1C93EB6600812D2B /* clear-night.png in Resources */,
				86EDCC201C93EB6600812D2B /* refresh-3.gif in Resources */,
				8629B01D1C954DD700463DE6 /* stars-in-the-sky-digital-art-hd-wallpaper-2560x1440-2122.jpg in Resources */,
				86EDCC2D1C93EB6600812D2B /* rain.png in Resources */,
				8629B0371C95F35B00463DE6 /* sleet_bg.jpg in Resources */,
				86F76BB71C93BC9F00ACBCDB /* LaunchScreen.storyboard in Resources */,
				86EDCC261C93EB6600812D2B /* authentic-03.png in Resources */,
				86EDCC2E1C93EB6600812D2B /* sleet.png in Resources */,
				86EDCC301C93EB6600812D2B /* fog.png in Resources */,
				86BC3C7E1C96ADED00A91FE5 /* partly-cloudy-day_bg.jpg in Resources */,
				8629B02F1C95F1AE00463DE6 /* partly-cloudy-night_bg.jpg in Resources */,
				86EDCC401C93F11700812D2B /* Double_Up.png in Resources */,
				86EDCC291C93EB6600812D2B /* forecast_logo.png in Resources */,
				86EDCC271C93EB6600812D2B /* authentic-04.png in Resources */,
				86EDCC3A1C93F09F00812D2B /* Double_Left.png in Resources */,
				86EDCC2C1C93EB6600812D2B /* snow.png in Resources */,
				8629B0391C95F3E000463DE6 /* snow_bg.jpg in Resources */,
				8629B01A1C9541CF00463DE6 /* 4244272-night.jpg in Resources */,
				86EDCC211C93EB6600812D2B /* refresh-4.gif in Resources */,
				86EDCC361C93EB6600812D2B /* plus.png in Resources */,
				86EDCC2A1C93EB6600812D2B /* clear-day.png in Resources */,
				8629B03B1C95F44C00463DE6 /* clear-day_bg.jpg in Resources */,
				86EDCC321C93EB6600812D2B /* partly-cloudy-day.png in Resources */,
				86EDCC251C93EB6600812D2B /* refresh-8.gif in Resources */,
				86EDCC1D1C93EB6600812D2B /* icon.png in Resources */,
				8629B0231C954F7400463DE6 /* CircumpolarStarTrails.jpg in Resources */,
				86EDCC331C93EB6600812D2B /* partly-cloudy-night.png in Resources */,
				86EDCC281C93EB6600812D2B /* facebook-256.png in Resources */,
				86BC3C781C96A85900A91FE5 /* loading2.gif in Resources */,
				86EDCC1E1C93EB6600812D2B /* refresh-1.gif in Resources */,
				86EDCC1C1C93EB6600812D2B /* Weather_background.gif in Resources */,
				86EDCC351C93EB6600812D2B /* bg.jpg in Resources */,
				8629B0311C95F20500463DE6 /* cloudy_bg.jpg in Resources */,
				8629B0351C95F28100463DE6 /* wind_bg.jpg in Resources */,
				86F76BB41C93BC9E00ACBCDB /* Assets.xcassets in Resources */,
				86EDCC311C93EB6600812D2B /* cloudy.png in Resources */,
				86EDCC231C93EB6600812D2B /* refresh-6.gif in Resources */,
				86EDCC2F1C93EB6600812D2B /* wind.png in Resources */,
				86EDCC241C93EB6600812D2B /* refresh-7.gif in Resources */,
				8629B0211C954EF100463DE6 /* papersco-mc56-wallpaper-galaxy-blue-7-starry-star-sky-8-wallpaper_fbb0d256b13596f1e84d2225e463e082_raw.jpg in Resources */,
				8629B01F1C954E7E00463DE6 /* star_art_sky_night_people_silhouette_98142_3840x2400.jpg in Resources */,
				86EDCC3C1C93F0EF00812D2B /* Double_Right.png in Resources */,
				86F76BAF1C93BC9E00ACBCDB /* Main.storyboard in Resources */,
				86EDCC221C93EB6600812D2B /* refresh-5.gif in Resources */,
				8629B0331C95F24700463DE6 /* fog_bg.jpg in Resources */,
				86EDCC1F1C93EB6600812D2B /* refresh-2.gif in Resources */,
				8629B02D1C95F14E00463DE6 /* rain_bg.jpg in Resources */,
				8629B03D1C95F53300463DE6 /* clear-night_bg.jpg in Resources */,
				86EDCC3F1C93F11700812D2B /* Double_Down.png in Resources */,
			);
			runOnlyForDeploymentPostprocessing = 0;
		};
		86F76BBB1C93BC9F00ACBCDB /* Resources */ = {
			isa = PBXResourcesBuildPhase;
			buildActionMask = 2147483647;
			files = (
			);
			runOnlyForDeploymentPostprocessing = 0;
		};
		86F76BC61C93BC9F00ACBCDB /* Resources */ = {
			isa = PBXResourcesBuildPhase;
			buildActionMask = 2147483647;
			files = (
			);
			runOnlyForDeploymentPostprocessing = 0;
		};
/* End PBXResourcesBuildPhase section */

/* Begin PBXShellScriptBuildPhase section */
		66354ADD49E5FE95833E6F18 /* Check Pods Manifest.lock */ = {
			isa = PBXShellScriptBuildPhase;
			buildActionMask = 2147483647;
			files = (
			);
			inputPaths = (
			);
			name = "Check Pods Manifest.lock";
			outputPaths = (
			);
			runOnlyForDeploymentPostprocessing = 0;
			shellPath = /bin/sh;
			shellScript = "diff \"${PODS_ROOT}/../Podfile.lock\" \"${PODS_ROOT}/Manifest.lock\" > /dev/null\nif [[ $? != 0 ]] ; then\n    cat << EOM\nerror: The sandbox is not in sync with the Podfile.lock. Run 'pod install' or update your CocoaPods installation.\nEOM\n    exit 1\nfi\n";
			showEnvVarsInLog = 0;
		};
		C665DDD41508128225AB299D /* Embed Pods Frameworks */ = {
			isa = PBXShellScriptBuildPhase;
			buildActionMask = 2147483647;
			files = (
			);
			inputPaths = (
			);
			name = "Embed Pods Frameworks";
			outputPaths = (
			);
			runOnlyForDeploymentPostprocessing = 0;
			shellPath = /bin/sh;
			shellScript = "\"${SRCROOT}/Pods/Target Support Files/Pods/Pods-frameworks.sh\"\n";
			showEnvVarsInLog = 0;
		};
		D9CB89BE3E9189AE15206CDF /* Copy Pods Resources */ = {
			isa = PBXShellScriptBuildPhase;
			buildActionMask = 2147483647;
			files = (
			);
			inputPaths = (
			);
			name = "Copy Pods Resources";
			outputPaths = (
			);
			runOnlyForDeploymentPostprocessing = 0;
			shellPath = /bin/sh;
			shellScript = "\"${SRCROOT}/Pods/Target Support Files/Pods/Pods-resources.sh\"\n";
			showEnvVarsInLog = 0;
		};
/* End PBXShellScriptBuildPhase section */

/* Begin PBXSourcesBuildPhase section */
		86F76BA21C93BC9E00ACBCDB /* Sources */ = {
			isa = PBXSourcesBuildPhase;
			buildActionMask = 2147483647;
			files = (
				8629B04C1C96414500463DE6 /* DetailTableViewController.swift in Sources */,
				86BC3C801C96AE8100A91FE5 /* MenuViewController.swift in Sources */,
				8629B04A1C96332E00463DE6 /* DetailViewController.swift in Sources */,
				8629B0431C960D6400463DE6 /* Next7DaysCollectionViewCell.swift in Sources */,
				86EDCBFF1C93EA8E00812D2B /* DataStruct.swift in Sources */,
				86F76BB21C93BC9E00ACBCDB /* Weather_App.xcdatamodeld in Sources */,
				86BC3C761C968AA800A91FE5 /* HistoryViewController.swift in Sources */,
				8629B0471C961B7800463DE6 /* Next24HoursViewController.swift in Sources */,
				8629B0271C955B2300463DE6 /* Next24HoursTableViewCell.swift in Sources */,
				86F76BAC1C93BC9E00ACBCDB /* WelcomeViewController.swift in Sources */,
				8629B04E1C965EAE00463DE6 /* SearchViewController.swift in Sources */,
				8629B0451C9616FC00463DE6 /* Next7DaysViewController.swift in Sources */,
				86EDCBFC1C93EA7100812D2B /* UIImage+Gif.swift in Sources */,
				86F76BAA1C93BC9E00ACBCDB /* AppDelegate.swift in Sources */,
				8629B0181C953CEB00463DE6 /* TodayTableViewController.swift in Sources */,
			);
			runOnlyForDeploymentPostprocessing = 0;
		};
		86F76BB91C93BC9F00ACBCDB /* Sources */ = {
			isa = PBXSourcesBuildPhase;
			buildActionMask = 2147483647;
			files = (
				86F76BC21C93BC9F00ACBCDB /* Weather_AppTests.swift in Sources */,
			);
			runOnlyForDeploymentPostprocessing = 0;
		};
		86F76BC41C93BC9F00ACBCDB /* Sources */ = {
			isa = PBXSourcesBuildPhase;
			buildActionMask = 2147483647;
			files = (
				86F76BCD1C93BC9F00ACBCDB /* Weather_AppUITests.swift in Sources */,
			);
			runOnlyForDeploymentPostprocessing = 0;
		};
/* End PBXSourcesBuildPhase section */

/* Begin PBXTargetDependency section */
		86F76BBF1C93BC9F00ACBCDB /* PBXTargetDependency */ = {
			isa = PBXTargetDependency;
			target = 86F76BA51C93BC9E00ACBCDB /* Weather App */;
			targetProxy = 86F76BBE1C93BC9F00ACBCDB /* PBXContainerItemProxy */;
		};
		86F76BCA1C93BC9F00ACBCDB /* PBXTargetDependency */ = {
			isa = PBXTargetDependency;
			target = 86F76BA51C93BC9E00ACBCDB /* Weather App */;
			targetProxy = 86F76BC91C93BC9F00ACBCDB /* PBXContainerItemProxy */;
		};
/* End PBXTargetDependency section */

/* Begin PBXVariantGroup section */
		86F76BAD1C93BC9E00ACBCDB /* Main.storyboard */ = {
			isa = PBXVariantGroup;
			children = (
				86F76BAE1C93BC9E00ACBCDB /* Base */,
			);
			name = Main.storyboard;
			sourceTree = "<group>";
		};
		86F76BB51C93BC9F00ACBCDB /* LaunchScreen.storyboard */ = {
			isa = PBXVariantGroup;
			children = (
				86F76BB61C93BC9F00ACBCDB /* Base */,
			);
			name = LaunchScreen.storyboard;
			sourceTree = "<group>";
		};
/* End PBXVariantGroup section */

/* Begin XCBuildConfiguration section */
		86F76BCF1C93BC9F00ACBCDB /* Debug */ = {
			isa = XCBuildConfiguration;
			buildSettings = {
				ALWAYS_SEARCH_USER_PATHS = NO;
				CLANG_CXX_LANGUAGE_STANDARD = "gnu++0x";
				CLANG_CXX_LIBRARY = "libc++";
				CLANG_ENABLE_MODULES = YES;
				CLANG_ENABLE_OBJC_ARC = YES;
				CLANG_WARN_BOOL_CONVERSION = YES;
				CLANG_WARN_CONSTANT_CONVERSION = YES;
				CLANG_WARN_DIRECT_OBJC_ISA_USAGE = YES_ERROR;
				CLANG_WARN_EMPTY_BODY = YES;
				CLANG_WARN_ENUM_CONVERSION = YES;
				CLANG_WARN_INT_CONVERSION = YES;
				CLANG_WARN_OBJC_ROOT_CLASS = YES_ERROR;
				CLANG_WARN_UNREACHABLE_CODE = YES;
				CLANG_WARN__DUPLICATE_METHOD_MATCH = YES;
				"CODE_SIGN_IDENTITY[sdk=iphoneos*]" = "iPhone Developer";
				COPY_PHASE_STRIP = NO;
				DEBUG_INFORMATION_FORMAT = dwarf;
				ENABLE_STRICT_OBJC_MSGSEND = YES;
				ENABLE_TESTABILITY = YES;
				GCC_C_LANGUAGE_STANDARD = gnu99;
				GCC_DYNAMIC_NO_PIC = NO;
				GCC_NO_COMMON_BLOCKS = YES;
				GCC_OPTIMIZATION_LEVEL = 0;
				GCC_PREPROCESSOR_DEFINITIONS = (
					"DEBUG=1",
					"$(inherited)",
				);
				GCC_WARN_64_TO_32_BIT_CONVERSION = YES;
				GCC_WARN_ABOUT_RETURN_TYPE = YES_ERROR;
				GCC_WARN_UNDECLARED_SELECTOR = YES;
				GCC_WARN_UNINITIALIZED_AUTOS = YES_AGGRESSIVE;
				GCC_WARN_UNUSED_FUNCTION = YES;
				GCC_WARN_UNUSED_VARIABLE = YES;
				IPHONEOS_DEPLOYMENT_TARGET = 9.2;
				MTL_ENABLE_DEBUG_INFO = YES;
				ONLY_ACTIVE_ARCH = YES;
				SDKROOT = iphoneos;
				SWIFT_OPTIMIZATION_LEVEL = "-Onone";
			};
			name = Debug;
		};
		86F76BD01C93BC9F00ACBCDB /* Release */ = {
			isa = XCBuildConfiguration;
			buildSettings = {
				ALWAYS_SEARCH_USER_PATHS = NO;
				CLANG_CXX_LANGUAGE_STANDARD = "gnu++0x";
				CLANG_CXX_LIBRARY = "libc++";
				CLANG_ENABLE_MODULES = YES;
				CLANG_ENABLE_OBJC_ARC = YES;
				CLANG_WARN_BOOL_CONVERSION = YES;
				CLANG_WARN_CONSTANT_CONVERSION = YES;
				CLANG_WARN_DIRECT_OBJC_ISA_USAGE = YES_ERROR;
				CLANG_WARN_EMPTY_BODY = YES;
				CLANG_WARN_ENUM_CONVERSION = YES;
				CLANG_WARN_INT_CONVERSION = YES;
				CLANG_WARN_OBJC_ROOT_CLASS = YES_ERROR;
				CLANG_WARN_UNREACHABLE_CODE = YES;
				CLANG_WARN__DUPLICATE_METHOD_MATCH = YES;
				"CODE_SIGN_IDENTITY[sdk=iphoneos*]" = "iPhone Developer";
				COPY_PHASE_STRIP = NO;
				DEBUG_INFORMATION_FORMAT = "dwarf-with-dsym";
				ENABLE_NS_ASSERTIONS = NO;
				ENABLE_STRICT_OBJC_MSGSEND = YES;
				GCC_C_LANGUAGE_STANDARD = gnu99;
				GCC_NO_COMMON_BLOCKS = YES;
				GCC_WARN_64_TO_32_BIT_CONVERSION = YES;
				GCC_WARN_ABOUT_RETURN_TYPE = YES_ERROR;
				GCC_WARN_UNDECLARED_SELECTOR = YES;
				GCC_WARN_UNINITIALIZED_AUTOS = YES_AGGRESSIVE;
				GCC_WARN_UNUSED_FUNCTION = YES;
				GCC_WARN_UNUSED_VARIABLE = YES;
				IPHONEOS_DEPLOYMENT_TARGET = 9.2;
				MTL_ENABLE_DEBUG_INFO = NO;
				SDKROOT = iphoneos;
				VALIDATE_PRODUCT = YES;
			};
			name = Release;
		};
		86F76BD21C93BC9F00ACBCDB /* Debug */ = {
			isa = XCBuildConfiguration;
			baseConfigurationReference = 3636129D455FE0DB7563B751 /* Pods.debug.xcconfig */;
			buildSettings = {
				ASSETCATALOG_COMPILER_APPICON_NAME = AppIcon;
				ASSETCATALOG_COMPILER_LAUNCHIMAGE_NAME = LaunchImage;
				CODE_SIGN_IDENTITY = "iPhone Developer";
				FRAMEWORK_SEARCH_PATHS = (
					"$(inherited)",
					"$(PROJECT_DIR)/build/Debug-iphoneos",
				);
				INFOPLIST_FILE = "Weather App/Info.plist";
				IPHONEOS_DEPLOYMENT_TARGET = 8.0;
				LD_RUNPATH_SEARCH_PATHS = "$(inherited) @executable_path/Frameworks";
				PRODUCT_BUNDLE_IDENTIFIER = com.huiyuanr.WeatherAppNew;
				PRODUCT_NAME = "$(TARGET_NAME)";
			};
			name = Debug;
		};
		86F76BD31C93BC9F00ACBCDB /* Release */ = {
			isa = XCBuildConfiguration;
			baseConfigurationReference = 5DD3844C8BDCF50C25BE2C91 /* Pods.release.xcconfig */;
			buildSettings = {
				ASSETCATALOG_COMPILER_APPICON_NAME = AppIcon;
				ASSETCATALOG_COMPILER_LAUNCHIMAGE_NAME = LaunchImage;
				CODE_SIGN_IDENTITY = "iPhone Developer";
				FRAMEWORK_SEARCH_PATHS = (
					"$(inherited)",
					"$(PROJECT_DIR)/build/Debug-iphoneos",
				);
				INFOPLIST_FILE = "Weather App/Info.plist";
				IPHONEOS_DEPLOYMENT_TARGET = 8.0;
				LD_RUNPATH_SEARCH_PATHS = "$(inherited) @executable_path/Frameworks";
				PRODUCT_BUNDLE_IDENTIFIER = com.huiyuanr.WeatherAppNew;
				PRODUCT_NAME = "$(TARGET_NAME)";
			};
			name = Release;
		};
		86F76BD51C93BC9F00ACBCDB /* Debug */ = {
			isa = XCBuildConfiguration;
			buildSettings = {
				BUNDLE_LOADER = "$(TEST_HOST)";
				INFOPLIST_FILE = "Weather AppTests/Info.plist";
				LD_RUNPATH_SEARCH_PATHS = "$(inherited) @executable_path/Frameworks @loader_path/Frameworks";
				PRODUCT_BUNDLE_IDENTIFIER = "Ren.Weather-AppTests";
				PRODUCT_NAME = "$(TARGET_NAME)";
				TEST_HOST = "$(BUILT_PRODUCTS_DIR)/Weather App.app/Weather App";
			};
			name = Debug;
		};
		86F76BD61C93BC9F00ACBCDB /* Release */ = {
			isa = XCBuildConfiguration;
			buildSettings = {
				BUNDLE_LOADER = "$(TEST_HOST)";
				INFOPLIST_FILE = "Weather AppTests/Info.plist";
				LD_RUNPATH_SEARCH_PATHS = "$(inherited) @executable_path/Frameworks @loader_path/Frameworks";
				PRODUCT_BUNDLE_IDENTIFIER = "Ren.Weather-AppTests";
				PRODUCT_NAME = "$(TARGET_NAME)";
				TEST_HOST = "$(BUILT_PRODUCTS_DIR)/Weather App.app/Weather App";
			};
			name = Release;
		};
		86F76BD81C93BC9F00ACBCDB /* Debug */ = {
			isa = XCBuildConfiguration;
			buildSettings = {
				INFOPLIST_FILE = "Weather AppUITests/Info.plist";
				LD_RUNPATH_SEARCH_PATHS = "$(inherited) @executable_path/Frameworks @loader_path/Frameworks";
				PRODUCT_BUNDLE_IDENTIFIER = "Ren.Weather-AppUITests";
				PRODUCT_NAME = "$(TARGET_NAME)";
				TEST_TARGET_NAME = "Weather App";
				USES_XCTRUNNER = YES;
			};
			name = Debug;
		};
		86F76BD91C93BC9F00ACBCDB /* Release */ = {
			isa = XCBuildConfiguration;
			buildSettings = {
				INFOPLIST_FILE = "Weather AppUITests/Info.plist";
				LD_RUNPATH_SEARCH_PATHS = "$(inherited) @executable_path/Frameworks @loader_path/Frameworks";
				PRODUCT_BUNDLE_IDENTIFIER = "Ren.Weather-AppUITests";
				PRODUCT_NAME = "$(TARGET_NAME)";
				TEST_TARGET_NAME = "Weather App";
				USES_XCTRUNNER = YES;
			};
			name = Release;
		};
/* End XCBuildConfiguration section */

/* Begin XCConfigurationList section */
		86F76BA11C93BC9E00ACBCDB /* Build configuration list for PBXProject "Weather App" */ = {
			isa = XCConfigurationList;
			buildConfigurations = (
				86F76BCF1C93BC9F00ACBCDB /* Debug */,
				86F76BD01C93BC9F00ACBCDB /* Release */,
			);
			defaultConfigurationIsVisible = 0;
			defaultConfigurationName = Release;
		};
		86F76BD11C93BC9F00ACBCDB /* Build configuration list for PBXNativeTarget "Weather App" */ = {
			isa = XCConfigurationList;
			buildConfigurations = (
				86F76BD21C93BC9F00ACBCDB /* Debug */,
				86F76BD31C93BC9F00ACBCDB /* Release */,
			);
			defaultConfigurationIsVisible = 0;
			defaultConfigurationName = Release;
		};
		86F76BD41C93BC9F00ACBCDB /* Build configuration list for PBXNativeTarget "Weather AppTests" */ = {
			isa = XCConfigurationList;
			buildConfigurations = (
				86F76BD51C93BC9F00ACBCDB /* Debug */,
				86F76BD61C93BC9F00ACBCDB /* Release */,
			);
			defaultConfigurationIsVisible = 0;
			defaultConfigurationName = Release;
		};
		86F76BD71C93BC9F00ACBCDB /* Build configuration list for PBXNativeTarget "Weather AppUITests" */ = {
			isa = XCConfigurationList;
			buildConfigurations = (
				86F76BD81C93BC9F00ACBCDB /* Debug */,
				86F76BD91C93BC9F00ACBCDB /* Release */,
			);
			defaultConfigurationIsVisible = 0;
			defaultConfigurationName = Release;
		};
/* End XCConfigurationList section */

/* Begin XCVersionGroup section */
		86F76BB01C93BC9E00ACBCDB /* Weather_App.xcdatamodeld */ = {
			isa = XCVersionGroup;
			children = (
				86F76BB11C93BC9E00ACBCDB /* Weather_App.xcdatamodel */,
			);
			currentVersion = 86F76BB11C93BC9E00ACBCDB /* Weather_App.xcdatamodel */;
			path = Weather_App.xcdatamodeld;
			sourceTree = "<group>";
			versionGroupType = wrapper.xcdatamodel;
		};
/* End XCVersionGroup section */
	};
	rootObject = 86F76B9E1C93BC9E00ACBCDB /* Project object */;
}
